{
  "name": "deploy-uniswap-v3",
  "version": "1.0.0",
  "lockfileVersion": 3,
  "requires": true,
  "packages": {
    "": {
      "name": "deploy-uniswap-v3",
      "version": "1.0.0",
      "license": "ISC",
      "dependencies": {
        "base64-sol": "^1.1.0"
      }
    },
    "node_modules/base64-sol": {
      "version": "1.1.0",
      "resolved": "https://registry.npmjs.org/base64-sol/-/base64-sol-1.1.0.tgz",
      "integrity": "sha512-mksLxtFyBcXd3LYK5UxyMj29YR//zoaeXpJaKRbnLQC0E99oCJl7VpKaJDXWAuTvnhxBU9XNYzhxSL8umsrxWg=="
    }
  }
}
